{
  "name": "Chat-Uapp-Api",
  "lockfileVersion": 3,
  "requires": true,
  "packages": {
    "": {
      "dependencies": {
        "libs": "^0.1.2"
      }
    },
    "node_modules/dateformat": {
      "version": "1.0.2-1.2.3",
      "resolved": "https://registry.npmjs.org/dateformat/-/dateformat-1.0.2-1.2.3.tgz",
      "integrity": "sha512-AXvW8g7tO4ilk5HgOWeDmPi/ZPaCnMJ+9Cg1I3p19w6mcvAAXBuuGEXAxybC+Djj1PSZUiHUcyoYu7WneCX8gQ==",
      "engines": {
        "node": "*"
      }
    },
    "node_modules/libs": {
      "version": "0.1.2",
      "resolved": "https://registry.npmjs.org/libs/-/libs-0.1.2.tgz",
      "integrity": "sha512-Ta4F048KEHj1duFoiK7BCmysrOgGhWe3Z2VdioaUT3zn4eGmk5qnwmxxDY6B+tvRUXHs5wxUwk0dceVp6i6oTg==",
      "license": "BSD",
      "dependencies": {
        "dateformat": "1.0.2-1.2.3"
      }
    }
  }
}
